
Microsoft Visual Studio Solution File, Format Version 12.00
# Visual Studio Version 17
VisualStudioVersion = 17.1.32414.318
MinimumVisualStudioVersion = 10.0.40219.1
Project("{FAE04EC0-301F-11D3-BF4B-00C04F79EFBC}") = "SimpleBlog.Server", "SimpleBlog\Server\SimpleBlog.Server.csproj", "{2E0B6FF2-2068-4D68-9DD7-2F455F7E923A}"
EndProject
Project("{FAE04EC0-301F-11D3-BF4B-00C04F79EFBC}") = "SimpleBlog.Client", "SimpleBlog\Client\SimpleBlog.Client.csproj", "{363277D4-5E45-434A-856F-274325210BE8}"
EndProject
Project("{FAE04EC0-301F-11D3-BF4B-00C04F79EFBC}") = "SimpleBlog.Shared", "SimpleBlog\Shared\SimpleBlog.Shared.csproj", "{63A9C07D-4B18-4B8B-8211-5E7FDAC60507}"
EndProject
Global
	GlobalSection(SolutionConfigurationPlatforms) = preSolution
		Debug|Any CPU = Debug|Any CPU
		Release|Any CPU = Release|Any CPU
	EndGlobalSection
	GlobalSection(ProjectConfigurationPlatforms) = postSolution
		{2E0B6FF2-2068-4D68-9DD7-2F455F7E923A}.Debug|Any CPU.ActiveCfg = Debug|Any CPU
		{2E0B6FF2-2068-4D68-9DD7-2F455F7E923A}.Debug|Any CPU.Build.0 = Debug|Any CPU
		{2E0B6FF2-2068-4D68-9DD7-2F455F7E923A}.Release|Any CPU.ActiveCfg = Release|Any CPU
		{2E0B6FF2-2068-4D68-9DD7-2F455F7E923A}.Release|Any CPU.Build.0 = Release|Any CPU
		{363277D4-5E45-434A-856F-274325210BE8}.Debug|Any CPU.ActiveCfg = Debug|Any CPU
		{363277D4-5E45-434A-856F-274325210BE8}.Debug|Any CPU.Build.0 = Debug|Any CPU
		{363277D4-5E45-434A-856F-274325210BE8}.Release|Any CPU.ActiveCfg = Release|Any CPU
		{363277D4-5E45-434A-856F-274325210BE8}.Release|Any CPU.Build.0 = Release|Any CPU
		{63A9C07D-4B18-4B8B-8211-5E7FDAC60507}.Debug|Any CPU.ActiveCfg = Debug|Any CPU
		{63A9C07D-4B18-4B8B-8211-5E7FDAC60507}.Debug|Any CPU.Build.0 = Debug|Any CPU
		{63A9C07D-4B18-4B8B-8211-5E7FDAC60507}.Release|Any CPU.ActiveCfg = Release|Any CPU
		{63A9C07D-4B18-4B8B-8211-5E7FDAC60507}.Release|Any CPU.Build.0 = Release|Any CPU
	EndGlobalSection
	GlobalSection(SolutionProperties) = preSolution
		HideSolutionNode = FALSE
	EndGlobalSection
	GlobalSection(ExtensibilityGlobals) = postSolution
		SolutionGuid = {78E1094C-C431-4223-B4D0-A6216F304461}
	EndGlobalSection
EndGlobal
